
Microsoft Visual Studio Solution File, Format Version 12.00
# Visual Studio Version 17
VisualStudioVersion = 17.7.34202.233
MinimumVisualStudioVersion = 10.0.40219.1
Project("{FAE04EC0-301F-11D3-BF4B-00C04F79EFBC}") = "studentConsoleApp", "studentConsoleApp.csproj", "{42874345-6637-4EE0-BBF5-7C38E7A24B25}"
EndProject
Global
	GlobalSection(SolutionConfigurationPlatforms) = preSolution
		Debug|Any CPU = Debug|Any CPU
		Release|Any CPU = Release|Any CPU
	EndGlobalSection
	GlobalSection(ProjectConfigurationPlatforms) = postSolution
		{42874345-6637-4EE0-BBF5-7C38E7A24B25}.Debug|Any CPU.ActiveCfg = Debug|Any CPU
		{42874345-6637-4EE0-BBF5-7C38E7A24B25}.Debug|Any CPU.Build.0 = Debug|Any CPU
		{42874345-6637-4EE0-BBF5-7C38E7A24B25}.Release|Any CPU.ActiveCfg = Release|Any CPU
		{42874345-6637-4EE0-BBF5-7C38E7A24B25}.Release|Any CPU.Build.0 = Release|Any CPU
	EndGlobalSection
	GlobalSection(SolutionProperties) = preSolution
		HideSolutionNode = FALSE
	EndGlobalSection
	GlobalSection(ExtensibilityGlobals) = postSolution
		SolutionGuid = {4734DE6B-7590-49D8-A311-D56F4D66E2AA}
	EndGlobalSection
EndGlobal
